// !$*UTF8*$!
{
	archiveVersion = 1;
	classes = {
	};
	objectVersion = 55;
	objects = {

/* Begin PBXBuildFile section */
		4B084A8D28057EC9005D8C8D /* ResultViewController.swift in Sources */ = {isa = PBXBuildFile; fileRef = 4B084A8C28057EC9005D8C8D /* ResultViewController.swift */; };
		4B8780242819A26C006B259A /* Hyatheus.otf in Resources */ = {isa = PBXBuildFile; fileRef = 4B8780232819A26C006B259A /* Hyatheus.otf */; };
		4BC2BE182823047A00126991 /* Purple_Avenue_-_Love_and_Sex_and_Magic.mp3 in Resources */ = {isa = PBXBuildFile; fileRef = 4BC2BE172823047A00126991 /* Purple_Avenue_-_Love_and_Sex_and_Magic.mp3 */; };
		4BC2BE1C2823098F00126991 /* DatingViewController.swift in Sources */ = {isa = PBXBuildFile; fileRef = 4BC2BE1B2823098F00126991 /* DatingViewController.swift */; };
		4BC2BE1E28230B2F00126991 /* Mumijj_Troll_-_Takie_devchonki.mp3 in Resources */ = {isa = PBXBuildFile; fileRef = 4BC2BE1D28230B2F00126991 /* Mumijj_Troll_-_Takie_devchonki.mp3 */; };
		4BC96C06280320A2004B44EA /* AppDelegate.swift in Sources */ = {isa = PBXBuildFile; fileRef = 4BC96C05280320A2004B44EA /* AppDelegate.swift */; };
		4BC96C08280320A2004B44EA /* SceneDelegate.swift in Sources */ = {isa = PBXBuildFile; fileRef = 4BC96C07280320A2004B44EA /* SceneDelegate.swift */; };
		4BC96C0A280320A2004B44EA /* ViewController.swift in Sources */ = {isa = PBXBuildFile; fileRef = 4BC96C09280320A2004B44EA /* ViewController.swift */; };
		4BC96C0D280320A2004B44EA /* Main.storyboard in Resources */ = {isa = PBXBuildFile; fileRef = 4BC96C0B280320A2004B44EA /* Main.storyboard */; };
		4BC96C0F280320A2004B44EA /* Assets.xcassets in Resources */ = {isa = PBXBuildFile; fileRef = 4BC96C0E280320A2004B44EA /* Assets.xcassets */; };
		4BC96C12280320A2004B44EA /* LaunchScreen.storyboard in Resources */ = {isa = PBXBuildFile; fileRef = 4BC96C10280320A2004B44EA /* LaunchScreen.storyboard */; };
		4BC96C1C28032A84004B44EA /* QuestionViewController.swift in Sources */ = {isa = PBXBuildFile; fileRef = 4BC96C1B28032A84004B44EA /* QuestionViewController.swift */; };
		4BC96C20280440AB004B44EA /* StartViewController.swift in Sources */ = {isa = PBXBuildFile; fileRef = 4BC96C1F280440AB004B44EA /* StartViewController.swift */; };
		4BC96C232804818A004B44EA /* Question.swift in Sources */ = {isa = PBXBuildFile; fileRef = 4BC96C222804818A004B44EA /* Question.swift */; };
		4BC96C27280481FB004B44EA /* QuizBrain.swift in Sources */ = {isa = PBXBuildFile; fileRef = 4BC96C26280481FB004B44EA /* QuizBrain.swift */; };
		FD46836D28049A440056AE78 /* LYON-CREST.otf in Resources */ = {isa = PBXBuildFile; fileRef = FD46836C28049A440056AE78 /* LYON-CREST.otf */; };
		FD46836F28049A5C0056AE78 /* LYON-CREST-SVG.otf in Resources */ = {isa = PBXBuildFile; fileRef = FD46836E28049A5C0056AE78 /* LYON-CREST-SVG.otf */; };
/* End PBXBuildFile section */

/* Begin PBXFileReference section */
		4B084A8C28057EC9005D8C8D /* ResultViewController.swift */ = {isa = PBXFileReference; lastKnownFileType = sourcecode.swift; path = ResultViewController.swift; sourceTree = "<group>"; };
		4B8780232819A26C006B259A /* Hyatheus.otf */ = {isa = PBXFileReference; lastKnownFileType = file; name = Hyatheus.otf; path = ../../../Downloads/Hyatheus/Hyatheus.otf; sourceTree = "<group>"; };
		4BC2BE172823047A00126991 /* Purple_Avenue_-_Love_and_Sex_and_Magic.mp3 */ = {isa = PBXFileReference; lastKnownFileType = audio.mp3; path = "Purple_Avenue_-_Love_and_Sex_and_Magic.mp3"; sourceTree = "<group>"; };
		4BC2BE1B2823098F00126991 /* DatingViewController.swift */ = {isa = PBXFileReference; lastKnownFileType = sourcecode.swift; path = DatingViewController.swift; sourceTree = "<group>"; };
		4BC2BE1D28230B2F00126991 /* Mumijj_Troll_-_Takie_devchonki.mp3 */ = {isa = PBXFileReference; lastKnownFileType = audio.mp3; path = "Mumijj_Troll_-_Takie_devchonki.mp3"; sourceTree = "<group>"; };
		4BC96C02280320A2004B44EA /* PiterQuiz.app */ = {isa = PBXFileReference; explicitFileType = wrapper.application; includeInIndex = 0; path = PiterQuiz.app; sourceTree = BUILT_PRODUCTS_DIR; };
		4BC96C05280320A2004B44EA /* AppDelegate.swift */ = {isa = PBXFileReference; lastKnownFileType = sourcecode.swift; path = AppDelegate.swift; sourceTree = "<group>"; };
		4BC96C07280320A2004B44EA /* SceneDelegate.swift */ = {isa = PBXFileReference; lastKnownFileType = sourcecode.swift; path = SceneDelegate.swift; sourceTree = "<group>"; };
		4BC96C09280320A2004B44EA /* ViewController.swift */ = {isa = PBXFileReference; lastKnownFileType = sourcecode.swift; path = ViewController.swift; sourceTree = "<group>"; };
		4BC96C0C280320A2004B44EA /* Base */ = {isa = PBXFileReference; lastKnownFileType = file.storyboard; name = Base; path = Base.lproj/Main.storyboard; sourceTree = "<group>"; };
		4BC96C0E280320A2004B44EA /* Assets.xcassets */ = {isa = PBXFileReference; lastKnownFileType = folder.assetcatalog; path = Assets.xcassets; sourceTree = "<group>"; };
		4BC96C11280320A2004B44EA /* Base */ = {isa = PBXFileReference; lastKnownFileType = file.storyboard; name = Base; path = Base.lproj/LaunchScreen.storyboard; sourceTree = "<group>"; };
		4BC96C13280320A2004B44EA /* Info.plist */ = {isa = PBXFileReference; lastKnownFileType = text.plist.xml; path = Info.plist; sourceTree = "<group>"; };
		4BC96C1B28032A84004B44EA /* QuestionViewController.swift */ = {isa = PBXFileReference; lastKnownFileType = sourcecode.swift; path = QuestionViewController.swift; sourceTree = "<group>"; };
		4BC96C1F280440AB004B44EA /* StartViewController.swift */ = {isa = PBXFileReference; lastKnownFileType = sourcecode.swift; path = StartViewController.swift; sourceTree = "<group>"; };
		4BC96C222804818A004B44EA /* Question.swift */ = {isa = PBXFileReference; lastKnownFileType = sourcecode.swift; path = Question.swift; sourceTree = "<group>"; };
		4BC96C26280481FB004B44EA /* QuizBrain.swift */ = {isa = PBXFileReference; lastKnownFileType = sourcecode.swift; path = QuizBrain.swift; sourceTree = "<group>"; };
		FD46836C28049A440056AE78 /* LYON-CREST.otf */ = {isa = PBXFileReference; lastKnownFileType = file; path = "LYON-CREST.otf"; sourceTree = "<group>"; };
		FD46836E28049A5C0056AE78 /* LYON-CREST-SVG.otf */ = {isa = PBXFileReference; lastKnownFileType = file; path = "LYON-CREST-SVG.otf"; sourceTree = "<group>"; };
/* End PBXFileReference section */

/* Begin PBXFrameworksBuildPhase section */
		4BC96BFF280320A2004B44EA /* Frameworks */ = {
			isa = PBXFrameworksBuildPhase;
			buildActionMask = 2147483647;
			files = (
			);
			runOnlyForDeploymentPostprocessing = 0;
		};
/* End PBXFrameworksBuildPhase section */

/* Begin PBXGroup section */
		4BC96BF9280320A2004B44EA = {
			isa = PBXGroup;
			children = (
				FD46837028049A6C0056AE78 /* Custom Fonts */,
				4BC96C04280320A2004B44EA /* PiterQuiz */,
				4BC96C03280320A2004B44EA /* Products */,
			);
			sourceTree = "<group>";
		};
		4BC96C03280320A2004B44EA /* Products */ = {
			isa = PBXGroup;
			children = (
				4BC96C02280320A2004B44EA /* PiterQuiz.app */,
			);
			name = Products;
			sourceTree = "<group>";
		};
		4BC96C04280320A2004B44EA /* PiterQuiz */ = {
			isa = PBXGroup;
			children = (
				4BC96C2128048174004B44EA /* Model */,
				4BC96C05280320A2004B44EA /* AppDelegate.swift */,
				4BC96C07280320A2004B44EA /* SceneDelegate.swift */,
				4BC96C09280320A2004B44EA /* ViewController.swift */,
				4BC96C0B280320A2004B44EA /* Main.storyboard */,
				4BC96C0E280320A2004B44EA /* Assets.xcassets */,
				4BC96C10280320A2004B44EA /* LaunchScreen.storyboard */,
				4BC96C13280320A2004B44EA /* Info.plist */,
				4BC96C1B28032A84004B44EA /* QuestionViewController.swift */,
				4BC96C1F280440AB004B44EA /* StartViewController.swift */,
				4BC2BE1B2823098F00126991 /* DatingViewController.swift */,
				4B084A8C28057EC9005D8C8D /* ResultViewController.swift */,
				4BC2BE172823047A00126991 /* Purple_Avenue_-_Love_and_Sex_and_Magic.mp3 */,
				4BC2BE1D28230B2F00126991 /* Mumijj_Troll_-_Takie_devchonki.mp3 */,
			);
			path = PiterQuiz;
			sourceTree = "<group>";
		};
		4BC96C2128048174004B44EA /* Model */ = {
			isa = PBXGroup;
			children = (
				4BC96C222804818A004B44EA /* Question.swift */,
				4BC96C26280481FB004B44EA /* QuizBrain.swift */,
			);
			path = Model;
			sourceTree = "<group>";
		};
		FD46837028049A6C0056AE78 /* Custom Fonts */ = {
			isa = PBXGroup;
			children = (
				FD46836C28049A440056AE78 /* LYON-CREST.otf */,
				FD46836E28049A5C0056AE78 /* LYON-CREST-SVG.otf */,
				4B8780232819A26C006B259A /* Hyatheus.otf */,
			);
			path = "Custom Fonts";
			sourceTree = "<group>";
		};
/* End PBXGroup section */

/* Begin PBXNativeTarget section */
		4BC96C01280320A2004B44EA /* PiterQuiz */ = {
			isa = PBXNativeTarget;
			buildConfigurationList = 4BC96C16280320A2004B44EA /* Build configuration list for PBXNativeTarget "PiterQuiz" */;
			buildPhases = (
				4BC96BFE280320A2004B44EA /* Sources */,
				4BC96BFF280320A2004B44EA /* Frameworks */,
				4BC96C00280320A2004B44EA /* Resources */,
			);
			buildRules = (
			);
			dependencies = (
			);
			name = PiterQuiz;
			productName = PiterQuiz;
			productReference = 4BC96C02280320A2004B44EA /* PiterQuiz.app */;
			productType = "com.apple.product-type.application";
		};
/* End PBXNativeTarget section */

/* Begin PBXProject section */
		4BC96BFA280320A2004B44EA /* Project object */ = {
			isa = PBXProject;
			attributes = {
				BuildIndependentTargetsInParallel = 1;
				LastSwiftUpdateCheck = 1320;
				LastUpgradeCheck = 1320;
				TargetAttributes = {
					4BC96C01280320A2004B44EA = {
						CreatedOnToolsVersion = 13.2.1;
					};
				};
			};
			buildConfigurationList = 4BC96BFD280320A2004B44EA /* Build configuration list for PBXProject "PiterQuiz" */;
			compatibilityVersion = "Xcode 13.0";
			developmentRegion = en;
			hasScannedForEncodings = 0;
			knownRegions = (
				en,
				Base,
			);
			mainGroup = 4BC96BF9280320A2004B44EA;
			productRefGroup = 4BC96C03280320A2004B44EA /* Products */;
			projectDirPath = "";
			projectRoot = "";
			targets = (
				4BC96C01280320A2004B44EA /* PiterQuiz */,
			);
		};
/* End PBXProject section */

/* Begin PBXResourcesBuildPhase section */
		4BC96C00280320A2004B44EA /* Resources */ = {
			isa = PBXResourcesBuildPhase;
			buildActionMask = 2147483647;
			files = (
				4B8780242819A26C006B259A /* Hyatheus.otf in Resources */,
				4BC96C12280320A2004B44EA /* LaunchScreen.storyboard in Resources */,
				FD46836D28049A440056AE78 /* LYON-CREST.otf in Resources */,
				4BC2BE182823047A00126991 /* Purple_Avenue_-_Love_and_Sex_and_Magic.mp3 in Resources */,
				4BC96C0F280320A2004B44EA /* Assets.xcassets in Resources */,
				4BC96C0D280320A2004B44EA /* Main.storyboard in Resources */,
				FD46836F28049A5C0056AE78 /* LYON-CREST-SVG.otf in Resources */,
				4BC2BE1E28230B2F00126991 /* Mumijj_Troll_-_Takie_devchonki.mp3 in Resources */,
			);
			runOnlyForDeploymentPostprocessing = 0;
		};
/* End PBXResourcesBuildPhase section */

/* Begin PBXSourcesBuildPhase section */
		4BC96BFE280320A2004B44EA /* Sources */ = {
			isa = PBXSourcesBuildPhase;
			buildActionMask = 2147483647;
			files = (
				4BC96C20280440AB004B44EA /* StartViewController.swift in Sources */,
				4BC96C0A280320A2004B44EA /* ViewController.swift in Sources */,
				4BC96C27280481FB004B44EA /* QuizBrain.swift in Sources */,
				4B084A8D28057EC9005D8C8D /* ResultViewController.swift in Sources */,
				4BC96C06280320A2004B44EA /* AppDelegate.swift in Sources */,
				4BC96C232804818A004B44EA /* Question.swift in Sources */,
				4BC96C1C28032A84004B44EA /* QuestionViewController.swift in Sources */,
				4BC96C08280320A2004B44EA /* SceneDelegate.swift in Sources */,
				4BC2BE1C2823098F00126991 /* DatingViewController.swift in Sources */,
			);
			runOnlyForDeploymentPostprocessing = 0;
		};
/* End PBXSourcesBuildPhase section */

/* Begin PBXVariantGroup section */
		4BC96C0B280320A2004B44EA /* Main.storyboard */ = {
			isa = PBXVariantGroup;
			children = (
				4BC96C0C280320A2004B44EA /* Base */,
			);
			name = Main.storyboard;
			sourceTree = "<group>";
		};
		4BC96C10280320A2004B44EA /* LaunchScreen.storyboard */ = {
			isa = PBXVariantGroup;
			children = (
				4BC96C11280320A2004B44EA /* Base */,
			);
			name = LaunchScreen.storyboard;
			sourceTree = "<group>";
		};
/* End PBXVariantGroup section */

/* Begin XCBuildConfiguration section */
		4BC96C14280320A2004B44EA /* Debug */ = {
			isa = XCBuildConfiguration;
			buildSettings = {
				ALWAYS_SEARCH_USER_PATHS = NO;
				CLANG_ANALYZER_NONNULL = YES;
				CLANG_ANALYZER_NUMBER_OBJECT_CONVERSION = YES_AGGRESSIVE;
				CLANG_CXX_LANGUAGE_STANDARD = "gnu++17";
				CLANG_CXX_LIBRARY = "libc++";
				CLANG_ENABLE_MODULES = YES;
				CLANG_ENABLE_OBJC_ARC = YES;
				CLANG_ENABLE_OBJC_WEAK = YES;
				CLANG_WARN_BLOCK_CAPTURE_AUTORELEASING = YES;
				CLANG_WARN_BOOL_CONVERSION = YES;
				CLANG_WARN_COMMA = YES;
				CLANG_WARN_CONSTANT_CONVERSION = YES;
				CLANG_WARN_DEPRECATED_OBJC_IMPLEMENTATIONS = YES;
				CLANG_WARN_DIRECT_OBJC_ISA_USAGE = YES_ERROR;
				CLANG_WARN_DOCUMENTATION_COMMENTS = YES;
				CLANG_WARN_EMPTY_BODY = YES;
				CLANG_WARN_ENUM_CONVERSION = YES;
				CLANG_WARN_INFINITE_RECURSION = YES;
				CLANG_WARN_INT_CONVERSION = YES;
				CLANG_WARN_NON_LITERAL_NULL_CONVERSION = YES;
				CLANG_WARN_OBJC_IMPLICIT_RETAIN_SELF = YES;
				CLANG_WARN_OBJC_LITERAL_CONVERSION = YES;
				CLANG_WARN_OBJC_ROOT_CLASS = YES_ERROR;
				CLANG_WARN_QUOTED_INCLUDE_IN_FRAMEWORK_HEADER = YES;
				CLANG_WARN_RANGE_LOOP_ANALYSIS = YES;
				CLANG_WARN_STRICT_PROTOTYPES = YES;
				CLANG_WARN_SUSPICIOUS_MOVE = YES;
				CLANG_WARN_UNGUARDED_AVAILABILITY = YES_AGGRESSIVE;
				CLANG_WARN_UNREACHABLE_CODE = YES;
				CLANG_WARN__DUPLICATE_METHOD_MATCH = YES;
				COPY_PHASE_STRIP = NO;
				DEBUG_INFORMATION_FORMAT = dwarf;
				ENABLE_STRICT_OBJC_MSGSEND = YES;
				ENABLE_TESTABILITY = YES;
				GCC_C_LANGUAGE_STANDARD = gnu11;
				GCC_DYNAMIC_NO_PIC = NO;
				GCC_NO_COMMON_BLOCKS = YES;
				GCC_OPTIMIZATION_LEVEL = 0;
				GCC_PREPROCESSOR_DEFINITIONS = (
					"DEBUG=1",
					"$(inherited)",
				);
				GCC_WARN_64_TO_32_BIT_CONVERSION = YES;
				GCC_WARN_ABOUT_RETURN_TYPE = YES_ERROR;
				GCC_WARN_UNDECLARED_SELECTOR = YES;
				GCC_WARN_UNINITIALIZED_AUTOS = YES_AGGRESSIVE;
				GCC_WARN_UNUSED_FUNCTION = YES;
				GCC_WARN_UNUSED_VARIABLE = YES;
				IPHONEOS_DEPLOYMENT_TARGET = 15.2;
				MTL_ENABLE_DEBUG_INFO = INCLUDE_SOURCE;
				MTL_FAST_MATH = YES;
				ONLY_ACTIVE_ARCH = YES;
				SDKROOT = iphoneos;
				SWIFT_ACTIVE_COMPILATION_CONDITIONS = DEBUG;
				SWIFT_OPTIMIZATION_LEVEL = "-Onone";
			};
			name = Debug;
		};
		4BC96C15280320A2004B44EA /* Release */ = {
			isa = XCBuildConfiguration;
			buildSettings = {
				ALWAYS_SEARCH_USER_PATHS = NO;
				CLANG_ANALYZER_NONNULL = YES;
				CLANG_ANALYZER_NUMBER_OBJECT_CONVERSION = YES_AGGRESSIVE;
				CLANG_CXX_LANGUAGE_STANDARD = "gnu++17";
				CLANG_CXX_LIBRARY = "libc++";
				CLANG_ENABLE_MODULES = YES;
				CLANG_ENABLE_OBJC_ARC = YES;
				CLANG_ENABLE_OBJC_WEAK = YES;
				CLANG_WARN_BLOCK_CAPTURE_AUTORELEASING = YES;
				CLANG_WARN_BOOL_CONVERSION = YES;
				CLANG_WARN_COMMA = YES;
				CLANG_WARN_CONSTANT_CONVERSION = YES;
				CLANG_WARN_DEPRECATED_OBJC_IMPLEMENTATIONS = YES;
				CLANG_WARN_DIRECT_OBJC_ISA_USAGE = YES_ERROR;
				CLANG_WARN_DOCUMENTATION_COMMENTS = YES;
				CLANG_WARN_EMPTY_BODY = YES;
				CLANG_WARN_ENUM_CONVERSION = YES;
				CLANG_WARN_INFINITE_RECURSION = YES;
				CLANG_WARN_INT_CONVERSION = YES;
				CLANG_WARN_NON_LITERAL_NULL_CONVERSION = YES;
				CLANG_WARN_OBJC_IMPLICIT_RETAIN_SELF = YES;
				CLANG_WARN_OBJC_LITERAL_CONVERSION = YES;
				CLANG_WARN_OBJC_ROOT_CLASS = YES_ERROR;
				CLANG_WARN_QUOTED_INCLUDE_IN_FRAMEWORK_HEADER = YES;
				CLANG_WARN_RANGE_LOOP_ANALYSIS = YES;
				CLANG_WARN_STRICT_PROTOTYPES = YES;
				CLANG_WARN_SUSPICIOUS_MOVE = YES;
				CLANG_WARN_UNGUARDED_AVAILABILITY = YES_AGGRESSIVE;
				CLANG_WARN_UNREACHABLE_CODE = YES;
				CLANG_WARN__DUPLICATE_METHOD_MATCH = YES;
				COPY_PHASE_STRIP = NO;
				DEBUG_INFORMATION_FORMAT = "dwarf-with-dsym";
				ENABLE_NS_ASSERTIONS = NO;
				ENABLE_STRICT_OBJC_MSGSEND = YES;
				GCC_C_LANGUAGE_STANDARD = gnu11;
				GCC_NO_COMMON_BLOCKS = YES;
				GCC_WARN_64_TO_32_BIT_CONVERSION = YES;
				GCC_WARN_ABOUT_RETURN_TYPE = YES_ERROR;
				GCC_WARN_UNDECLARED_SELECTOR = YES;
				GCC_WARN_UNINITIALIZED_AUTOS = YES_AGGRESSIVE;
				GCC_WARN_UNUSED_FUNCTION = YES;
				GCC_WARN_UNUSED_VARIABLE = YES;
				IPHONEOS_DEPLOYMENT_TARGET = 15.2;
				MTL_ENABLE_DEBUG_INFO = NO;
				MTL_FAST_MATH = YES;
				SDKROOT = iphoneos;
				SWIFT_COMPILATION_MODE = wholemodule;
				SWIFT_OPTIMIZATION_LEVEL = "-O";
				VALIDATE_PRODUCT = YES;
			};
			name = Release;
		};
		4BC96C17280320A2004B44EA /* Debug */ = {
			isa = XCBuildConfiguration;
			buildSettings = {
				ASSETCATALOG_COMPILER_APPICON_NAME = AppIcon;
				ASSETCATALOG_COMPILER_GLOBAL_ACCENT_COLOR_NAME = AccentColor;
				CODE_SIGN_STYLE = Automatic;
				CURRENT_PROJECT_VERSION = 1;
				GENERATE_INFOPLIST_FILE = YES;
				INFOPLIST_FILE = PiterQuiz/Info.plist;
				INFOPLIST_KEY_UIApplicationSupportsIndirectInputEvents = YES;
				INFOPLIST_KEY_UILaunchStoryboardName = LaunchScreen;
				INFOPLIST_KEY_UISupportedInterfaceOrientations_iPad = "UIInterfaceOrientationPortrait UIInterfaceOrientationPortraitUpsideDown UIInterfaceOrientationLandscapeLeft UIInterfaceOrientationLandscapeRight";
				INFOPLIST_KEY_UISupportedInterfaceOrientations_iPhone = "UIInterfaceOrientationPortrait UIInterfaceOrientationLandscapeLeft UIInterfaceOrientationLandscapeRight";
				LD_RUNPATH_SEARCH_PATHS = (
					"$(inherited)",
					"@executable_path/Frameworks",
				);
				MARKETING_VERSION = 1.0;
				PRODUCT_BUNDLE_IDENTIFIER = "-.PiterQuiz";
				PRODUCT_NAME = "$(TARGET_NAME)";
				SWIFT_EMIT_LOC_STRINGS = YES;
				SWIFT_VERSION = 5.0;
				TARGETED_DEVICE_FAMILY = "1,2";
			};
			name = Debug;
		};
		4BC96C18280320A2004B44EA /* Release */ = {
			isa = XCBuildConfiguration;
			buildSettings = {
				ASSETCATALOG_COMPILER_APPICON_NAME = AppIcon;
				ASSETCATALOG_COMPILER_GLOBAL_ACCENT_COLOR_NAME = AccentColor;
				CODE_SIGN_STYLE = Automatic;
				CURRENT_PROJECT_VERSION = 1;
				GENERATE_INFOPLIST_FILE = YES;
				INFOPLIST_FILE = PiterQuiz/Info.plist;
				INFOPLIST_KEY_UIApplicationSupportsIndirectInputEvents = YES;
				INFOPLIST_KEY_UILaunchStoryboardName = LaunchScreen;
				INFOPLIST_KEY_UISupportedInterfaceOrientations_iPad = "UIInterfaceOrientationPortrait UIInterfaceOrientationPortraitUpsideDown UIInterfaceOrientationLandscapeLeft UIInterfaceOrientationLandscapeRight";
				INFOPLIST_KEY_UISupportedInterfaceOrientations_iPhone = "UIInterfaceOrientationPortrait UIInterfaceOrientationLandscapeLeft UIInterfaceOrientationLandscapeRight";
				LD_RUNPATH_SEARCH_PATHS = (
					"$(inherited)",
					"@executable_path/Frameworks",
				);
				MARKETING_VERSION = 1.0;
				PRODUCT_BUNDLE_IDENTIFIER = "-.PiterQuiz";
				PRODUCT_NAME = "$(TARGET_NAME)";
				SWIFT_EMIT_LOC_STRINGS = YES;
				SWIFT_VERSION = 5.0;
				TARGETED_DEVICE_FAMILY = "1,2";
			};
			name = Release;
		};
/* End XCBuildConfiguration section */

/* Begin XCConfigurationList section */
		4BC96BFD280320A2004B44EA /* Build configuration list for PBXProject "PiterQuiz" */ = {
			isa = XCConfigurationList;
			buildConfigurations = (
				4BC96C14280320A2004B44EA /* Debug */,
				4BC96C15280320A2004B44EA /* Release */,
			);
			defaultConfigurationIsVisible = 0;
			defaultConfigurationName = Release;
		};
		4BC96C16280320A2004B44EA /* Build configuration list for PBXNativeTarget "PiterQuiz" */ = {
			isa = XCConfigurationList;
			buildConfigurations = (
				4BC96C17280320A2004B44EA /* Debug */,
				4BC96C18280320A2004B44EA /* Release */,
			);
			defaultConfigurationIsVisible = 0;
			defaultConfigurationName = Release;
		};
/* End XCConfigurationList section */
	};
	rootObject = 4BC96BFA280320A2004B44EA /* Project object */;
}
